
Microsoft Visual Studio Solution File, Format Version 12.00
# Visual Studio Version 17
VisualStudioVersion = 17.5.002.0
MinimumVisualStudioVersion = 10.0.40219.1
Project("{9A19103F-16F7-4668-BE54-9A1E7A4F7556}") = "Tic Tac Toe .Net", "Tic Tac Toe .Net.csproj", "{DAD3CF25-8FD7-4118-BFF8-15D1E4FF3C03}"
EndProject
Global
	GlobalSection(SolutionConfigurationPlatforms) = preSolution
		Debug|Any CPU = Debug|Any CPU
		Release|Any CPU = Release|Any CPU
	EndGlobalSection
	GlobalSection(ProjectConfigurationPlatforms) = postSolution
		{DAD3CF25-8FD7-4118-BFF8-15D1E4FF3C03}.Debug|Any CPU.ActiveCfg = Debug|Any CPU
		{DAD3CF25-8FD7-4118-BFF8-15D1E4FF3C03}.Debug|Any CPU.Build.0 = Debug|Any CPU
		{DAD3CF25-8FD7-4118-BFF8-15D1E4FF3C03}.Release|Any CPU.ActiveCfg = Release|Any CPU
		{DAD3CF25-8FD7-4118-BFF8-15D1E4FF3C03}.Release|Any CPU.Build.0 = Release|Any CPU
	EndGlobalSection
	GlobalSection(SolutionProperties) = preSolution
		HideSolutionNode = FALSE
	EndGlobalSection
	GlobalSection(ExtensibilityGlobals) = postSolution
		SolutionGuid = {FE1387F7-AA49-40E2-BD39-295047644BB4}
	EndGlobalSection
EndGlobal
